// !$*UTF8*$!
{
	archiveVersion = 1;
	classes = {
	};
	objectVersion = 50;
	objects = {

/* Begin PBXBuildFile section */
		A622E53F23268D720095917A /* AppDelegate.swift in Sources */ = {isa = PBXBuildFile; fileRef = A622E53E23268D720095917A /* AppDelegate.swift */; };
		A622E54623268D730095917A /* Assets.xcassets in Resources */ = {isa = PBXBuildFile; fileRef = A622E54523268D730095917A /* Assets.xcassets */; };
		A622E54923268D730095917A /* LaunchScreen.storyboard in Resources */ = {isa = PBXBuildFile; fileRef = A622E54723268D730095917A /* LaunchScreen.storyboard */; };
		A622E55123268DB10095917A /* ListViewController.swift in Sources */ = {isa = PBXBuildFile; fileRef = A622E55023268DB10095917A /* ListViewController.swift */; };
		A622E55823268DFA0095917A /* UIView+Extensions.swift in Sources */ = {isa = PBXBuildFile; fileRef = A622E55723268DFA0095917A /* UIView+Extensions.swift */; };
		A622E55A23268E1F0095917A /* ListItemCell.swift in Sources */ = {isa = PBXBuildFile; fileRef = A622E55923268E1F0095917A /* ListItemCell.swift */; };
		A622E55C23268E3B0095917A /* ListViewModel.swift in Sources */ = {isa = PBXBuildFile; fileRef = A622E55B23268E3B0095917A /* ListViewModel.swift */; };
		A622E55E23268E510095917A /* ListItem.swift in Sources */ = {isa = PBXBuildFile; fileRef = A622E55D23268E510095917A /* ListItem.swift */; };
/* End PBXBuildFile section */

/* Begin PBXFileReference section */
		A622E53B23268D720095917A /* SimpleListApp.app */ = {isa = PBXFileReference; explicitFileType = wrapper.application; includeInIndex = 0; path = SimpleListApp.app; sourceTree = BUILT_PRODUCTS_DIR; };
		A622E53E23268D720095917A /* AppDelegate.swift */ = {isa = PBXFileReference; lastKnownFileType = sourcecode.swift; path = AppDelegate.swift; sourceTree = "<group>"; };
		A622E54523268D730095917A /* Assets.xcassets */ = {isa = PBXFileReference; lastKnownFileType = folder.assetcatalog; path = Assets.xcassets; sourceTree = "<group>"; };
		A622E54823268D730095917A /* Base */ = {isa = PBXFileReference; lastKnownFileType = file.storyboard; name = Base; path = Base.lproj/LaunchScreen.storyboard; sourceTree = "<group>"; };
		A622E54A23268D730095917A /* Info.plist */ = {isa = PBXFileReference; lastKnownFileType = text.plist.xml; path = Info.plist; sourceTree = "<group>"; };
		A622E55023268DB10095917A /* ListViewController.swift */ = {isa = PBXFileReference; lastKnownFileType = sourcecode.swift; path = ListViewController.swift; sourceTree = "<group>"; };
		A622E55723268DFA0095917A /* UIView+Extensions.swift */ = {isa = PBXFileReference; lastKnownFileType = sourcecode.swift; path = "UIView+Extensions.swift"; sourceTree = "<group>"; };
		A622E55923268E1F0095917A /* ListItemCell.swift */ = {isa = PBXFileReference; lastKnownFileType = sourcecode.swift; path = ListItemCell.swift; sourceTree = "<group>"; };
		A622E55B23268E3B0095917A /* ListViewModel.swift */ = {isa = PBXFileReference; lastKnownFileType = sourcecode.swift; path = ListViewModel.swift; sourceTree = "<group>"; };
		A622E55D23268E510095917A /* ListItem.swift */ = {isa = PBXFileReference; lastKnownFileType = sourcecode.swift; path = ListItem.swift; sourceTree = "<group>"; };
/* End PBXFileReference section */

/* Begin PBXFrameworksBuildPhase section */
		A622E53823268D720095917A /* Frameworks */ = {
			isa = PBXFrameworksBuildPhase;
			buildActionMask = 2147483647;
			files = (
			);
			runOnlyForDeploymentPostprocessing = 0;
		};
/* End PBXFrameworksBuildPhase section */

/* Begin PBXGroup section */
		A622E53223268D720095917A = {
			isa = PBXGroup;
			children = (
				A622E53D23268D720095917A /* SimpleListApp */,
				A622E53C23268D720095917A /* Products */,
			);
			sourceTree = "<group>";
		};
		A622E53C23268D720095917A /* Products */ = {
			isa = PBXGroup;
			children = (
				A622E53B23268D720095917A /* SimpleListApp.app */,
			);
			name = Products;
			sourceTree = "<group>";
		};
		A622E53D23268D720095917A /* SimpleListApp */ = {
			isa = PBXGroup;
			children = (
				A622E55F23268E6B0095917A /* Supporting */,
				A622E55623268DE80095917A /* Extensions */,
				A622E55523268DD50095917A /* View */,
				A622E55423268DD00095917A /* Controller */,
				A622E55323268DCD0095917A /* Model */,
				A622E55223268DC70095917A /* ViewModel */,
				A622E54523268D730095917A /* Assets.xcassets */,
				A622E54723268D730095917A /* LaunchScreen.storyboard */,
			);
			path = SimpleListApp;
			sourceTree = "<group>";
		};
		A622E55223268DC70095917A /* ViewModel */ = {
			isa = PBXGroup;
			children = (
				A622E55B23268E3B0095917A /* ListViewModel.swift */,
			);
			path = ViewModel;
			sourceTree = "<group>";
		};
		A622E55323268DCD0095917A /* Model */ = {
			isa = PBXGroup;
			children = (
				A622E55D23268E510095917A /* ListItem.swift */,
			);
			path = Model;
			sourceTree = "<group>";
		};
		A622E55423268DD00095917A /* Controller */ = {
			isa = PBXGroup;
			children = (
				A622E55023268DB10095917A /* ListViewController.swift */,
			);
			path = Controller;
			sourceTree = "<group>";
		};
		A622E55523268DD50095917A /* View */ = {
			isa = PBXGroup;
			children = (
				A622E55923268E1F0095917A /* ListItemCell.swift */,
			);
			path = View;
			sourceTree = "<group>";
		};
		A622E55623268DE80095917A /* Extensions */ = {
			isa = PBXGroup;
			children = (
				A622E55723268DFA0095917A /* UIView+Extensions.swift */,
			);
			path = Extensions;
			sourceTree = "<group>";
		};
		A622E55F23268E6B0095917A /* Supporting */ = {
			isa = PBXGroup;
			children = (
				A622E53E23268D720095917A /* AppDelegate.swift */,
				A622E54A23268D730095917A /* Info.plist */,
			);
			path = Supporting;
			sourceTree = "<group>";
		};
/* End PBXGroup section */

/* Begin PBXNativeTarget section */
		A622E53A23268D720095917A /* SimpleListApp */ = {
			isa = PBXNativeTarget;
			buildConfigurationList = A622E54D23268D740095917A /* Build configuration list for PBXNativeTarget "SimpleListApp" */;
			buildPhases = (
				A622E53723268D720095917A /* Sources */,
				A622E53823268D720095917A /* Frameworks */,
				A622E53923268D720095917A /* Resources */,
			);
			buildRules = (
			);
			dependencies = (
			);
			name = SimpleListApp;
			productName = SimpleListApp;
			productReference = A622E53B23268D720095917A /* SimpleListApp.app */;
			productType = "com.apple.product-type.application";
		};
/* End PBXNativeTarget section */

/* Begin PBXProject section */
		A622E53323268D720095917A /* Project object */ = {
			isa = PBXProject;
			attributes = {
				LastSwiftUpdateCheck = 1030;
				LastUpgradeCheck = 1030;
				ORGANIZATIONNAME = "Charles Prado";
				TargetAttributes = {
					A622E53A23268D720095917A = {
						CreatedOnToolsVersion = 10.3;
					};
				};
			};
			buildConfigurationList = A622E53623268D720095917A /* Build configuration list for PBXProject "SimpleListApp" */;
			compatibilityVersion = "Xcode 9.3";
			developmentRegion = en;
			hasScannedForEncodings = 0;
			knownRegions = (
				en,
				Base,
			);
			mainGroup = A622E53223268D720095917A;
			productRefGroup = A622E53C23268D720095917A /* Products */;
			projectDirPath = "";
			projectRoot = "";
			targets = (
				A622E53A23268D720095917A /* SimpleListApp */,
			);
		};
/* End PBXProject section */

/* Begin PBXResourcesBuildPhase section */
		A622E53923268D720095917A /* Resources */ = {
			isa = PBXResourcesBuildPhase;
			buildActionMask = 2147483647;
			files = (
				A622E54923268D730095917A /* LaunchScreen.storyboard in Resources */,
				A622E54623268D730095917A /* Assets.xcassets in Resources */,
			);
			runOnlyForDeploymentPostprocessing = 0;
		};
/* End PBXResourcesBuildPhase section */

/* Begin PBXSourcesBuildPhase section */
		A622E53723268D720095917A /* Sources */ = {
			isa = PBXSourcesBuildPhase;
			buildActionMask = 2147483647;
			files = (
				A622E55E23268E510095917A /* ListItem.swift in Sources */,
				A622E55C23268E3B0095917A /* ListViewModel.swift in Sources */,
				A622E55A23268E1F0095917A /* ListItemCell.swift in Sources */,
				A622E55823268DFA0095917A /* UIView+Extensions.swift in Sources */,
				A622E55123268DB10095917A /* ListViewController.swift in Sources */,
				A622E53F23268D720095917A /* AppDelegate.swift in Sources */,
			);
			runOnlyForDeploymentPostprocessing = 0;
		};
/* End PBXSourcesBuildPhase section */

/* Begin PBXVariantGroup section */
		A622E54723268D730095917A /* LaunchScreen.storyboard */ = {
			isa = PBXVariantGroup;
			children = (
				A622E54823268D730095917A /* Base */,
			);
			name = LaunchScreen.storyboard;
			sourceTree = "<group>";
		};
/* End PBXVariantGroup section */

/* Begin XCBuildConfiguration section */
		A622E54B23268D740095917A /* Debug */ = {
			isa = XCBuildConfiguration;
			buildSettings = {
				ALWAYS_SEARCH_USER_PATHS = NO;
				CLANG_ANALYZER_NONNULL = YES;
				CLANG_ANALYZER_NUMBER_OBJECT_CONVERSION = YES_AGGRESSIVE;
				CLANG_CXX_LANGUAGE_STANDARD = "gnu++14";
				CLANG_CXX_LIBRARY = "libc++";
				CLANG_ENABLE_MODULES = YES;
				CLANG_ENABLE_OBJC_ARC = YES;
				CLANG_ENABLE_OBJC_WEAK = YES;
				CLANG_WARN_BLOCK_CAPTURE_AUTORELEASING = YES;
				CLANG_WARN_BOOL_CONVERSION = YES;
				CLANG_WARN_COMMA = YES;
				CLANG_WARN_CONSTANT_CONVERSION = YES;
				CLANG_WARN_DEPRECATED_OBJC_IMPLEMENTATIONS = YES;
				CLANG_WARN_DIRECT_OBJC_ISA_USAGE = YES_ERROR;
				CLANG_WARN_DOCUMENTATION_COMMENTS = YES;
				CLANG_WARN_EMPTY_BODY = YES;
				CLANG_WARN_ENUM_CONVERSION = YES;
				CLANG_WARN_INFINITE_RECURSION = YES;
				CLANG_WARN_INT_CONVERSION = YES;
				CLANG_WARN_NON_LITERAL_NULL_CONVERSION = YES;
				CLANG_WARN_OBJC_IMPLICIT_RETAIN_SELF = YES;
				CLANG_WARN_OBJC_LITERAL_CONVERSION = YES;
				CLANG_WARN_OBJC_ROOT_CLASS = YES_ERROR;
				CLANG_WARN_RANGE_LOOP_ANALYSIS = YES;
				CLANG_WARN_STRICT_PROTOTYPES = YES;
				CLANG_WARN_SUSPICIOUS_MOVE = YES;
				CLANG_WARN_UNGUARDED_AVAILABILITY = YES_AGGRESSIVE;
				CLANG_WARN_UNREACHABLE_CODE = YES;
				CLANG_WARN__DUPLICATE_METHOD_MATCH = YES;
				CODE_SIGN_IDENTITY = "iPhone Developer";
				COPY_PHASE_STRIP = NO;
				DEBUG_INFORMATION_FORMAT = dwarf;
				ENABLE_STRICT_OBJC_MSGSEND = YES;
				ENABLE_TESTABILITY = YES;
				GCC_C_LANGUAGE_STANDARD = gnu11;
				GCC_DYNAMIC_NO_PIC = NO;
				GCC_NO_COMMON_BLOCKS = YES;
				GCC_OPTIMIZATION_LEVEL = 0;
				GCC_PREPROCESSOR_DEFINITIONS = (
					"DEBUG=1",
					"$(inherited)",
				);
				GCC_WARN_64_TO_32_BIT_CONVERSION = YES;
				GCC_WARN_ABOUT_RETURN_TYPE = YES_ERROR;
				GCC_WARN_UNDECLARED_SELECTOR = YES;
				GCC_WARN_UNINITIALIZED_AUTOS = YES_AGGRESSIVE;
				GCC_WARN_UNUSED_FUNCTION = YES;
				GCC_WARN_UNUSED_VARIABLE = YES;
				IPHONEOS_DEPLOYMENT_TARGET = 12.4;
				MTL_ENABLE_DEBUG_INFO = INCLUDE_SOURCE;
				MTL_FAST_MATH = YES;
				ONLY_ACTIVE_ARCH = YES;
				SDKROOT = iphoneos;
				SWIFT_ACTIVE_COMPILATION_CONDITIONS = DEBUG;
				SWIFT_OPTIMIZATION_LEVEL = "-Onone";
			};
			name = Debug;
		};
		A622E54C23268D740095917A /* Release */ = {
			isa = XCBuildConfiguration;
			buildSettings = {
				ALWAYS_SEARCH_USER_PATHS = NO;
				CLANG_ANALYZER_NONNULL = YES;
				CLANG_ANALYZER_NUMBER_OBJECT_CONVERSION = YES_AGGRESSIVE;
				CLANG_CXX_LANGUAGE_STANDARD = "gnu++14";
				CLANG_CXX_LIBRARY = "libc++";
				CLANG_ENABLE_MODULES = YES;
				CLANG_ENABLE_OBJC_ARC = YES;
				CLANG_ENABLE_OBJC_WEAK = YES;
				CLANG_WARN_BLOCK_CAPTURE_AUTORELEASING = YES;
				CLANG_WARN_BOOL_CONVERSION = YES;
				CLANG_WARN_COMMA = YES;
				CLANG_WARN_CONSTANT_CONVERSION = YES;
				CLANG_WARN_DEPRECATED_OBJC_IMPLEMENTATIONS = YES;
				CLANG_WARN_DIRECT_OBJC_ISA_USAGE = YES_ERROR;
				CLANG_WARN_DOCUMENTATION_COMMENTS = YES;
				CLANG_WARN_EMPTY_BODY = YES;
				CLANG_WARN_ENUM_CONVERSION = YES;
				CLANG_WARN_INFINITE_RECURSION = YES;
				CLANG_WARN_INT_CONVERSION = YES;
				CLANG_WARN_NON_LITERAL_NULL_CONVERSION = YES;
				CLANG_WARN_OBJC_IMPLICIT_RETAIN_SELF = YES;
				CLANG_WARN_OBJC_LITERAL_CONVERSION = YES;
				CLANG_WARN_OBJC_ROOT_CLASS = YES_ERROR;
				CLANG_WARN_RANGE_LOOP_ANALYSIS = YES;
				CLANG_WARN_STRICT_PROTOTYPES = YES;
				CLANG_WARN_SUSPICIOUS_MOVE = YES;
				CLANG_WARN_UNGUARDED_AVAILABILITY = YES_AGGRESSIVE;
				CLANG_WARN_UNREACHABLE_CODE = YES;
				CLANG_WARN__DUPLICATE_METHOD_MATCH = YES;
				CODE_SIGN_IDENTITY = "iPhone Developer";
				COPY_PHASE_STRIP = NO;
				DEBUG_INFORMATION_FORMAT = "dwarf-with-dsym";
				ENABLE_NS_ASSERTIONS = NO;
				ENABLE_STRICT_OBJC_MSGSEND = YES;
				GCC_C_LANGUAGE_STANDARD = gnu11;
				GCC_NO_COMMON_BLOCKS = YES;
				GCC_WARN_64_TO_32_BIT_CONVERSION = YES;
				GCC_WARN_ABOUT_RETURN_TYPE = YES_ERROR;
				GCC_WARN_UNDECLARED_SELECTOR = YES;
				GCC_WARN_UNINITIALIZED_AUTOS = YES_AGGRESSIVE;
				GCC_WARN_UNUSED_FUNCTION = YES;
				GCC_WARN_UNUSED_VARIABLE = YES;
				IPHONEOS_DEPLOYMENT_TARGET = 12.4;
				MTL_ENABLE_DEBUG_INFO = NO;
				MTL_FAST_MATH = YES;
				SDKROOT = iphoneos;
				SWIFT_COMPILATION_MODE = wholemodule;
				SWIFT_OPTIMIZATION_LEVEL = "-O";
				VALIDATE_PRODUCT = YES;
			};
			name = Release;
		};
		A622E54E23268D740095917A /* Debug */ = {
			isa = XCBuildConfiguration;
			buildSettings = {
				ASSETCATALOG_COMPILER_APPICON_NAME = AppIcon;
				CODE_SIGN_STYLE = Automatic;
				DEVELOPMENT_TEAM = 8D69GAM5D6;
				INFOPLIST_FILE = SimpleListApp/Supporting/Info.plist;
				LD_RUNPATH_SEARCH_PATHS = (
					"$(inherited)",
					"@executable_path/Frameworks",
				);
				PRODUCT_BUNDLE_IDENTIFIER = chr.SimpleListApp;
				PRODUCT_NAME = "$(TARGET_NAME)";
				SWIFT_VERSION = 5.0;
				TARGETED_DEVICE_FAMILY = "1,2";
			};
			name = Debug;
		};
		A622E54F23268D740095917A /* Release */ = {
			isa = XCBuildConfiguration;
			buildSettings = {
				ASSETCATALOG_COMPILER_APPICON_NAME = AppIcon;
				CODE_SIGN_STYLE = Automatic;
				DEVELOPMENT_TEAM = 8D69GAM5D6;
				INFOPLIST_FILE = SimpleListApp/Supporting/Info.plist;
				LD_RUNPATH_SEARCH_PATHS = (
					"$(inherited)",
					"@executable_path/Frameworks",
				);
				PRODUCT_BUNDLE_IDENTIFIER = chr.SimpleListApp;
				PRODUCT_NAME = "$(TARGET_NAME)";
				SWIFT_VERSION = 5.0;
				TARGETED_DEVICE_FAMILY = "1,2";
			};
			name = Release;
		};
/* End XCBuildConfiguration section */

/* Begin XCConfigurationList section */
		A622E53623268D720095917A /* Build configuration list for PBXProject "SimpleListApp" */ = {
			isa = XCConfigurationList;
			buildConfigurations = (
				A622E54B23268D740095917A /* Debug */,
				A622E54C23268D740095917A /* Release */,
			);
			defaultConfigurationIsVisible = 0;
			defaultConfigurationName = Release;
		};
		A622E54D23268D740095917A /* Build configuration list for PBXNativeTarget "SimpleListApp" */ = {
			isa = XCConfigurationList;
			buildConfigurations = (
				A622E54E23268D740095917A /* Debug */,
				A622E54F23268D740095917A /* Release */,
			);
			defaultConfigurationIsVisible = 0;
			defaultConfigurationName = Release;
		};
/* End XCConfigurationList section */
	};
	rootObject = A622E53323268D720095917A /* Project object */;
}
